{
  "object": {
    "pins": [
      {
        "package": "Introspect",
        "repositoryURL": "https://github.com/sdgandhi/SwiftUI-Introspect.git",
        "state": {
          "branch": null,
          "revision": "735ced51bc414401898098e8c459f5a0113087b9",
          "version": "0.1.2"
        }
      }
    ]
  },
  "version": 1
}
