// !$*UTF8*$!
{
	archiveVersion = 1;
	classes = {
	};
	objectVersion = 52;
	objects = {

/* Begin PBXBuildFile section */
		DC18D748249EB1AE00BAB330 /* Buttons.swift in Sources */ = {isa = PBXBuildFile; fileRef = DC18D747249EB1AE00BAB330 /* Buttons.swift */; };
		DC18D749249EB1AE00BAB330 /* Buttons.swift in Sources */ = {isa = PBXBuildFile; fileRef = DC18D747249EB1AE00BAB330 /* Buttons.swift */; };
		DC18D74A249EB1AE00BAB330 /* Buttons.swift in Sources */ = {isa = PBXBuildFile; fileRef = DC18D747249EB1AE00BAB330 /* Buttons.swift */; };
		DC311AF424A90E94000EC076 /* TimerView.swift in Sources */ = {isa = PBXBuildFile; fileRef = DC311AF324A90E94000EC076 /* TimerView.swift */; };
		DC311AF524A90E94000EC076 /* TimerView.swift in Sources */ = {isa = PBXBuildFile; fileRef = DC311AF324A90E94000EC076 /* TimerView.swift */; };
		DC311AF624A90E94000EC076 /* TimerView.swift in Sources */ = {isa = PBXBuildFile; fileRef = DC311AF324A90E94000EC076 /* TimerView.swift */; };
		DC311AF824A918DE000EC076 /* TimedAnswers.swift in Sources */ = {isa = PBXBuildFile; fileRef = DC311AF724A918DE000EC076 /* TimedAnswers.swift */; };
		DC311AF924A918DE000EC076 /* TimedAnswers.swift in Sources */ = {isa = PBXBuildFile; fileRef = DC311AF724A918DE000EC076 /* TimedAnswers.swift */; };
		DC311AFA24A918DE000EC076 /* TimedAnswers.swift in Sources */ = {isa = PBXBuildFile; fileRef = DC311AF724A918DE000EC076 /* TimedAnswers.swift */; };
		DC311AFC24A91B94000EC076 /* ComboView.swift in Sources */ = {isa = PBXBuildFile; fileRef = DC311AFB24A91B94000EC076 /* ComboView.swift */; };
		DC311AFD24A91B94000EC076 /* ComboView.swift in Sources */ = {isa = PBXBuildFile; fileRef = DC311AFB24A91B94000EC076 /* ComboView.swift */; };
		DC311AFE24A91B94000EC076 /* ComboView.swift in Sources */ = {isa = PBXBuildFile; fileRef = DC311AFB24A91B94000EC076 /* ComboView.swift */; };
		DC311B0024A928B2000EC076 /* SettingsView.swift in Sources */ = {isa = PBXBuildFile; fileRef = DC311AFF24A928B2000EC076 /* SettingsView.swift */; };
		DC311B0124A928B2000EC076 /* SettingsView.swift in Sources */ = {isa = PBXBuildFile; fileRef = DC311AFF24A928B2000EC076 /* SettingsView.swift */; };
		DC311B0224A928B2000EC076 /* SettingsView.swift in Sources */ = {isa = PBXBuildFile; fileRef = DC311AFF24A928B2000EC076 /* SettingsView.swift */; };
		DC311B0424A928EF000EC076 /* Settings.swift in Sources */ = {isa = PBXBuildFile; fileRef = DC311B0324A928EF000EC076 /* Settings.swift */; };
		DC311B0524A928EF000EC076 /* Settings.swift in Sources */ = {isa = PBXBuildFile; fileRef = DC311B0324A928EF000EC076 /* Settings.swift */; };
		DC311B0624A928EF000EC076 /* Settings.swift in Sources */ = {isa = PBXBuildFile; fileRef = DC311B0324A928EF000EC076 /* Settings.swift */; };
		DC93133D246A7F8900E1E827 /* AppDelegate.swift in Sources */ = {isa = PBXBuildFile; fileRef = DC93133C246A7F8900E1E827 /* AppDelegate.swift */; };
		DC93133F246A7F8900E1E827 /* SceneDelegate.swift in Sources */ = {isa = PBXBuildFile; fileRef = DC93133E246A7F8900E1E827 /* SceneDelegate.swift */; };
		DC931341246A7F8900E1E827 /* SpeechRecognitionView.swift in Sources */ = {isa = PBXBuildFile; fileRef = DC931340246A7F8900E1E827 /* SpeechRecognitionView.swift */; };
		DC931343246A7F9000E1E827 /* Assets.xcassets in Resources */ = {isa = PBXBuildFile; fileRef = DC931342246A7F9000E1E827 /* Assets.xcassets */; };
		DC931346246A7F9000E1E827 /* Preview Assets.xcassets in Resources */ = {isa = PBXBuildFile; fileRef = DC931345246A7F9000E1E827 /* Preview Assets.xcassets */; };
		DC931349246A7F9000E1E827 /* LaunchScreen.storyboard in Resources */ = {isa = PBXBuildFile; fileRef = DC931347246A7F9000E1E827 /* LaunchScreen.storyboard */; };
		DC93135F246A7F9000E1E827 /* numbersUITests.swift in Sources */ = {isa = PBXBuildFile; fileRef = DC93135E246A7F9000E1E827 /* numbersUITests.swift */; };
		DC93136E246A8BB800E1E827 /* SpeechManager.swift in Sources */ = {isa = PBXBuildFile; fileRef = DC93136D246A8BB800E1E827 /* SpeechManager.swift */; };
		DC93136F246A8BB800E1E827 /* SpeechManager.swift in Sources */ = {isa = PBXBuildFile; fileRef = DC93136D246A8BB800E1E827 /* SpeechManager.swift */; };
		DC931370246A8BB800E1E827 /* SpeechManager.swift in Sources */ = {isa = PBXBuildFile; fileRef = DC93136D246A8BB800E1E827 /* SpeechManager.swift */; };
		DC931372246A93B300E1E827 /* SpeechRecognizer.swift in Sources */ = {isa = PBXBuildFile; fileRef = DC931371246A93B300E1E827 /* SpeechRecognizer.swift */; };
		DC931373246A93B300E1E827 /* SpeechRecognizer.swift in Sources */ = {isa = PBXBuildFile; fileRef = DC931371246A93B300E1E827 /* SpeechRecognizer.swift */; };
		DC931374246A93B300E1E827 /* SpeechRecognizer.swift in Sources */ = {isa = PBXBuildFile; fileRef = DC931371246A93B300E1E827 /* SpeechRecognizer.swift */; };
		DC993296248DA0EE00DB8330 /* TypeInView.swift in Sources */ = {isa = PBXBuildFile; fileRef = DC993295248DA0EE00DB8330 /* TypeInView.swift */; };
		DC993297248DA0EE00DB8330 /* TypeInView.swift in Sources */ = {isa = PBXBuildFile; fileRef = DC993295248DA0EE00DB8330 /* TypeInView.swift */; };
		DC993299248DA12F00DB8330 /* AnswerStatus.swift in Sources */ = {isa = PBXBuildFile; fileRef = DC993298248DA12F00DB8330 /* AnswerStatus.swift */; };
		DC99329A248DA12F00DB8330 /* AnswerStatus.swift in Sources */ = {isa = PBXBuildFile; fileRef = DC993298248DA12F00DB8330 /* AnswerStatus.swift */; };
		DC99329B248DA12F00DB8330 /* AnswerStatus.swift in Sources */ = {isa = PBXBuildFile; fileRef = DC993298248DA12F00DB8330 /* AnswerStatus.swift */; };
		DCAF20EB249DD7BB00B63297 /* KeyboardHeight.swift in Sources */ = {isa = PBXBuildFile; fileRef = DCAF20EA249DD7BB00B63297 /* KeyboardHeight.swift */; };
		DCAF20EC249DD7BB00B63297 /* KeyboardHeight.swift in Sources */ = {isa = PBXBuildFile; fileRef = DCAF20EA249DD7BB00B63297 /* KeyboardHeight.swift */; };
		DCAF20ED249DD7BB00B63297 /* KeyboardHeight.swift in Sources */ = {isa = PBXBuildFile; fileRef = DCAF20EA249DD7BB00B63297 /* KeyboardHeight.swift */; };
		DCAF20EF249DEDCD00B63297 /* SpeechSynthesizer.swift in Sources */ = {isa = PBXBuildFile; fileRef = DCAF20EE249DEDCD00B63297 /* SpeechSynthesizer.swift */; };
		DCAF20F0249DEDCD00B63297 /* SpeechSynthesizer.swift in Sources */ = {isa = PBXBuildFile; fileRef = DCAF20EE249DEDCD00B63297 /* SpeechSynthesizer.swift */; };
		DCAF20F1249DEDCD00B63297 /* SpeechSynthesizer.swift in Sources */ = {isa = PBXBuildFile; fileRef = DCAF20EE249DEDCD00B63297 /* SpeechSynthesizer.swift */; };
		DCAF20F4249E97F200B63297 /* Introspect in Frameworks */ = {isa = PBXBuildFile; productRef = DCAF20F3249E97F200B63297 /* Introspect */; };
		DCC7F0F9246AA827002C8A98 /* NumberWords.swift in Sources */ = {isa = PBXBuildFile; fileRef = DCC7F0F8246AA827002C8A98 /* NumberWords.swift */; };
		DCC7F0FA246AA827002C8A98 /* NumberWords.swift in Sources */ = {isa = PBXBuildFile; fileRef = DCC7F0F8246AA827002C8A98 /* NumberWords.swift */; };
		DCC7F0FB246AA827002C8A98 /* NumberWords.swift in Sources */ = {isa = PBXBuildFile; fileRef = DCC7F0F8246AA827002C8A98 /* NumberWords.swift */; };
		DCC7F0FD246AA942002C8A98 /* spellOutTests.swift in Sources */ = {isa = PBXBuildFile; fileRef = DCC7F0FC246AA942002C8A98 /* spellOutTests.swift */; };
		DCDA81D0246AAF570092A726 /* NumberGenerator.swift in Sources */ = {isa = PBXBuildFile; fileRef = DCDA81CF246AAF570092A726 /* NumberGenerator.swift */; };
		DCDA81D1246AAF570092A726 /* NumberGenerator.swift in Sources */ = {isa = PBXBuildFile; fileRef = DCDA81CF246AAF570092A726 /* NumberGenerator.swift */; };
		DCDA81D2246AAF570092A726 /* NumberGenerator.swift in Sources */ = {isa = PBXBuildFile; fileRef = DCDA81CF246AAF570092A726 /* NumberGenerator.swift */; };
		DCDC617324AC5BBD00BD4337 /* BubbleAnimation.swift in Sources */ = {isa = PBXBuildFile; fileRef = DCE0A2F8246F4A31005BCAA6 /* BubbleAnimation.swift */; };
		DCE0A2E9246E697C005BCAA6 /* AnswerGenerator.swift in Sources */ = {isa = PBXBuildFile; fileRef = DCE0A2E8246E697C005BCAA6 /* AnswerGenerator.swift */; };
		DCE0A2EA246E697C005BCAA6 /* AnswerGenerator.swift in Sources */ = {isa = PBXBuildFile; fileRef = DCE0A2E8246E697C005BCAA6 /* AnswerGenerator.swift */; };
		DCE0A2EB246E697C005BCAA6 /* AnswerGenerator.swift in Sources */ = {isa = PBXBuildFile; fileRef = DCE0A2E8246E697C005BCAA6 /* AnswerGenerator.swift */; };
		DCE0A2ED246E6A92005BCAA6 /* answerGeneratorTests.swift in Sources */ = {isa = PBXBuildFile; fileRef = DCE0A2EC246E6A92005BCAA6 /* answerGeneratorTests.swift */; };
		DCE0A2F0246E75FF005BCAA6 /* ChoicesView.swift in Sources */ = {isa = PBXBuildFile; fileRef = DCE0A2EF246E75FF005BCAA6 /* ChoicesView.swift */; };
		DCE0A2F1246E75FF005BCAA6 /* ChoicesView.swift in Sources */ = {isa = PBXBuildFile; fileRef = DCE0A2EF246E75FF005BCAA6 /* ChoicesView.swift */; };
		DCE0A2F3246E762B005BCAA6 /* MainView.swift in Sources */ = {isa = PBXBuildFile; fileRef = DCE0A2F2246E762B005BCAA6 /* MainView.swift */; };
		DCE0A2F4246E762B005BCAA6 /* MainView.swift in Sources */ = {isa = PBXBuildFile; fileRef = DCE0A2F2246E762B005BCAA6 /* MainView.swift */; };
		DCE0A2F6246E8360005BCAA6 /* ShakeAnimation.swift in Sources */ = {isa = PBXBuildFile; fileRef = DCE0A2F5246E8360005BCAA6 /* ShakeAnimation.swift */; };
		DCE0A2F7246E8360005BCAA6 /* ShakeAnimation.swift in Sources */ = {isa = PBXBuildFile; fileRef = DCE0A2F5246E8360005BCAA6 /* ShakeAnimation.swift */; };
		DCE0A2F9246F4A31005BCAA6 /* BubbleAnimation.swift in Sources */ = {isa = PBXBuildFile; fileRef = DCE0A2F8246F4A31005BCAA6 /* BubbleAnimation.swift */; };
		DCE0A2FA246F4A31005BCAA6 /* BubbleAnimation.swift in Sources */ = {isa = PBXBuildFile; fileRef = DCE0A2F8246F4A31005BCAA6 /* BubbleAnimation.swift */; };
/* End PBXBuildFile section */

/* Begin PBXContainerItemProxy section */
		DC931350246A7F9000E1E827 /* PBXContainerItemProxy */ = {
			isa = PBXContainerItemProxy;
			containerPortal = DC931331246A7F8900E1E827 /* Project object */;
			proxyType = 1;
			remoteGlobalIDString = DC931338246A7F8900E1E827;
			remoteInfo = numbers;
		};
		DC93135B246A7F9000E1E827 /* PBXContainerItemProxy */ = {
			isa = PBXContainerItemProxy;
			containerPortal = DC931331246A7F8900E1E827 /* Project object */;
			proxyType = 1;
			remoteGlobalIDString = DC931338246A7F8900E1E827;
			remoteInfo = numbers;
		};
/* End PBXContainerItemProxy section */

/* Begin PBXFileReference section */
		DC18D747249EB1AE00BAB330 /* Buttons.swift */ = {isa = PBXFileReference; lastKnownFileType = sourcecode.swift; path = Buttons.swift; sourceTree = "<group>"; };
		DC311AF324A90E94000EC076 /* TimerView.swift */ = {isa = PBXFileReference; lastKnownFileType = sourcecode.swift; path = TimerView.swift; sourceTree = "<group>"; };
		DC311AF724A918DE000EC076 /* TimedAnswers.swift */ = {isa = PBXFileReference; lastKnownFileType = sourcecode.swift; path = TimedAnswers.swift; sourceTree = "<group>"; };
		DC311AFB24A91B94000EC076 /* ComboView.swift */ = {isa = PBXFileReference; lastKnownFileType = sourcecode.swift; path = ComboView.swift; sourceTree = "<group>"; };
		DC311AFF24A928B2000EC076 /* SettingsView.swift */ = {isa = PBXFileReference; fileEncoding = 4; lastKnownFileType = sourcecode.swift; path = SettingsView.swift; sourceTree = "<group>"; };
		DC311B0324A928EF000EC076 /* Settings.swift */ = {isa = PBXFileReference; fileEncoding = 4; lastKnownFileType = sourcecode.swift; path = Settings.swift; sourceTree = "<group>"; };
		DC931339246A7F8900E1E827 /* Numbers Practice.app */ = {isa = PBXFileReference; explicitFileType = wrapper.application; includeInIndex = 0; path = "Numbers Practice.app"; sourceTree = BUILT_PRODUCTS_DIR; };
		DC93133C246A7F8900E1E827 /* AppDelegate.swift */ = {isa = PBXFileReference; lastKnownFileType = sourcecode.swift; path = AppDelegate.swift; sourceTree = "<group>"; };
		DC93133E246A7F8900E1E827 /* SceneDelegate.swift */ = {isa = PBXFileReference; lastKnownFileType = sourcecode.swift; path = SceneDelegate.swift; sourceTree = "<group>"; };
		DC931340246A7F8900E1E827 /* SpeechRecognitionView.swift */ = {isa = PBXFileReference; lastKnownFileType = sourcecode.swift; path = SpeechRecognitionView.swift; sourceTree = "<group>"; };
		DC931342246A7F9000E1E827 /* Assets.xcassets */ = {isa = PBXFileReference; lastKnownFileType = folder.assetcatalog; path = Assets.xcassets; sourceTree = "<group>"; };
		DC931345246A7F9000E1E827 /* Preview Assets.xcassets */ = {isa = PBXFileReference; lastKnownFileType = folder.assetcatalog; path = "Preview Assets.xcassets"; sourceTree = "<group>"; };
		DC931348246A7F9000E1E827 /* Base */ = {isa = PBXFileReference; lastKnownFileType = file.storyboard; name = Base; path = Base.lproj/LaunchScreen.storyboard; sourceTree = "<group>"; };
		DC93134A246A7F9000E1E827 /* Info.plist */ = {isa = PBXFileReference; lastKnownFileType = text.plist.xml; path = Info.plist; sourceTree = "<group>"; };
		DC93134F246A7F9000E1E827 /* numbersTests.xctest */ = {isa = PBXFileReference; explicitFileType = wrapper.cfbundle; includeInIndex = 0; path = numbersTests.xctest; sourceTree = BUILT_PRODUCTS_DIR; };
		DC931355246A7F9000E1E827 /* Info.plist */ = {isa = PBXFileReference; lastKnownFileType = text.plist.xml; path = Info.plist; sourceTree = "<group>"; };
		DC93135A246A7F9000E1E827 /* numbersUITests.xctest */ = {isa = PBXFileReference; explicitFileType = wrapper.cfbundle; includeInIndex = 0; path = numbersUITests.xctest; sourceTree = BUILT_PRODUCTS_DIR; };
		DC93135E246A7F9000E1E827 /* numbersUITests.swift */ = {isa = PBXFileReference; lastKnownFileType = sourcecode.swift; path = numbersUITests.swift; sourceTree = "<group>"; };
		DC931360246A7F9000E1E827 /* Info.plist */ = {isa = PBXFileReference; lastKnownFileType = text.plist.xml; path = Info.plist; sourceTree = "<group>"; };
		DC93136C246A81C900E1E827 /* README.md */ = {isa = PBXFileReference; lastKnownFileType = net.daringfireball.markdown; path = README.md; sourceTree = "<group>"; };
		DC93136D246A8BB800E1E827 /* SpeechManager.swift */ = {isa = PBXFileReference; lastKnownFileType = sourcecode.swift; path = SpeechManager.swift; sourceTree = "<group>"; };
		DC931371246A93B300E1E827 /* SpeechRecognizer.swift */ = {isa = PBXFileReference; lastKnownFileType = sourcecode.swift; path = SpeechRecognizer.swift; sourceTree = "<group>"; };
		DC993295248DA0EE00DB8330 /* TypeInView.swift */ = {isa = PBXFileReference; lastKnownFileType = sourcecode.swift; path = TypeInView.swift; sourceTree = "<group>"; };
		DC993298248DA12F00DB8330 /* AnswerStatus.swift */ = {isa = PBXFileReference; lastKnownFileType = sourcecode.swift; path = AnswerStatus.swift; sourceTree = "<group>"; };
		DCAF20EA249DD7BB00B63297 /* KeyboardHeight.swift */ = {isa = PBXFileReference; lastKnownFileType = sourcecode.swift; path = KeyboardHeight.swift; sourceTree = "<group>"; };
		DCAF20EE249DEDCD00B63297 /* SpeechSynthesizer.swift */ = {isa = PBXFileReference; lastKnownFileType = sourcecode.swift; path = SpeechSynthesizer.swift; sourceTree = "<group>"; };
		DCC7F0F8246AA827002C8A98 /* NumberWords.swift */ = {isa = PBXFileReference; lastKnownFileType = sourcecode.swift; path = NumberWords.swift; sourceTree = "<group>"; };
		DCC7F0FC246AA942002C8A98 /* spellOutTests.swift */ = {isa = PBXFileReference; lastKnownFileType = sourcecode.swift; path = spellOutTests.swift; sourceTree = "<group>"; };
		DCDA81CE246AAD030092A726 /* .gitignore */ = {isa = PBXFileReference; lastKnownFileType = text; path = .gitignore; sourceTree = "<group>"; };
		DCDA81CF246AAF570092A726 /* NumberGenerator.swift */ = {isa = PBXFileReference; lastKnownFileType = sourcecode.swift; path = NumberGenerator.swift; sourceTree = "<group>"; };
		DCE0A2E8246E697C005BCAA6 /* AnswerGenerator.swift */ = {isa = PBXFileReference; lastKnownFileType = sourcecode.swift; path = AnswerGenerator.swift; sourceTree = "<group>"; };
		DCE0A2EC246E6A92005BCAA6 /* answerGeneratorTests.swift */ = {isa = PBXFileReference; lastKnownFileType = sourcecode.swift; path = answerGeneratorTests.swift; sourceTree = "<group>"; };
		DCE0A2EF246E75FF005BCAA6 /* ChoicesView.swift */ = {isa = PBXFileReference; lastKnownFileType = sourcecode.swift; path = ChoicesView.swift; sourceTree = "<group>"; };
		DCE0A2F2246E762B005BCAA6 /* MainView.swift */ = {isa = PBXFileReference; lastKnownFileType = sourcecode.swift; path = MainView.swift; sourceTree = "<group>"; };
		DCE0A2F5246E8360005BCAA6 /* ShakeAnimation.swift */ = {isa = PBXFileReference; lastKnownFileType = sourcecode.swift; path = ShakeAnimation.swift; sourceTree = "<group>"; };
		DCE0A2F8246F4A31005BCAA6 /* BubbleAnimation.swift */ = {isa = PBXFileReference; lastKnownFileType = sourcecode.swift; path = BubbleAnimation.swift; sourceTree = "<group>"; };
		DCE0A2FF2470A7F2005BCAA6 /* Appfile */ = {isa = PBXFileReference; lastKnownFileType = text; path = Appfile; sourceTree = "<group>"; };
		DCE0A3002470A7F2005BCAA6 /* Fastfile */ = {isa = PBXFileReference; lastKnownFileType = text; path = Fastfile; sourceTree = "<group>"; };
		DCE0A3012470A7F2005BCAA6 /* README.md */ = {isa = PBXFileReference; lastKnownFileType = net.daringfireball.markdown; path = README.md; sourceTree = "<group>"; };
		DCE0A3022470A7F2005BCAA6 /* Snapfile */ = {isa = PBXFileReference; lastKnownFileType = text; path = Snapfile; sourceTree = "<group>"; };
/* End PBXFileReference section */

/* Begin PBXFrameworksBuildPhase section */
		DC931336246A7F8900E1E827 /* Frameworks */ = {
			isa = PBXFrameworksBuildPhase;
			buildActionMask = 2147483647;
			files = (
				DCAF20F4249E97F200B63297 /* Introspect in Frameworks */,
			);
			runOnlyForDeploymentPostprocessing = 0;
		};
		DC93134C246A7F9000E1E827 /* Frameworks */ = {
			isa = PBXFrameworksBuildPhase;
			buildActionMask = 2147483647;
			files = (
			);
			runOnlyForDeploymentPostprocessing = 0;
		};
		DC931357246A7F9000E1E827 /* Frameworks */ = {
			isa = PBXFrameworksBuildPhase;
			buildActionMask = 2147483647;
			files = (
			);
			runOnlyForDeploymentPostprocessing = 0;
		};
/* End PBXFrameworksBuildPhase section */

/* Begin PBXGroup section */
		DC931330246A7F8900E1E827 = {
			isa = PBXGroup;
			children = (
				DCDA81CE246AAD030092A726 /* .gitignore */,
				DC93136C246A81C900E1E827 /* README.md */,
				DC93133B246A7F8900E1E827 /* numbers */,
				DC931352246A7F9000E1E827 /* numbersTests */,
				DC93135D246A7F9000E1E827 /* numbersUITests */,
				DCE0A2FE2470A7F2005BCAA6 /* fastlane */,
				DC93133A246A7F8900E1E827 /* Products */,
			);
			sourceTree = "<group>";
		};
		DC93133A246A7F8900E1E827 /* Products */ = {
			isa = PBXGroup;
			children = (
				DC931339246A7F8900E1E827 /* Numbers Practice.app */,
				DC93134F246A7F9000E1E827 /* numbersTests.xctest */,
				DC93135A246A7F9000E1E827 /* numbersUITests.xctest */,
			);
			name = Products;
			sourceTree = "<group>";
		};
		DC93133B246A7F8900E1E827 /* numbers */ = {
			isa = PBXGroup;
			children = (
				DC93133C246A7F8900E1E827 /* AppDelegate.swift */,
				DC93133E246A7F8900E1E827 /* SceneDelegate.swift */,
				DCE0A2F2246E762B005BCAA6 /* MainView.swift */,
				DC931340246A7F8900E1E827 /* SpeechRecognitionView.swift */,
				DCE0A2EF246E75FF005BCAA6 /* ChoicesView.swift */,
				DC993295248DA0EE00DB8330 /* TypeInView.swift */,
				DC311AF324A90E94000EC076 /* TimerView.swift */,
				DC311AFF24A928B2000EC076 /* SettingsView.swift */,
				DC311AF724A918DE000EC076 /* TimedAnswers.swift */,
				DCAF20EE249DEDCD00B63297 /* SpeechSynthesizer.swift */,
				DC93136D246A8BB800E1E827 /* SpeechManager.swift */,
				DC931371246A93B300E1E827 /* SpeechRecognizer.swift */,
				DCC7F0F8246AA827002C8A98 /* NumberWords.swift */,
				DCDA81CF246AAF570092A726 /* NumberGenerator.swift */,
				DCE0A2E8246E697C005BCAA6 /* AnswerGenerator.swift */,
				DCE0A2F5246E8360005BCAA6 /* ShakeAnimation.swift */,
				DCE0A2F8246F4A31005BCAA6 /* BubbleAnimation.swift */,
				DC993298248DA12F00DB8330 /* AnswerStatus.swift */,
				DCAF20EA249DD7BB00B63297 /* KeyboardHeight.swift */,
				DC18D747249EB1AE00BAB330 /* Buttons.swift */,
				DC311AFB24A91B94000EC076 /* ComboView.swift */,
				DC311B0324A928EF000EC076 /* Settings.swift */,
				DC931342246A7F9000E1E827 /* Assets.xcassets */,
				DC931347246A7F9000E1E827 /* LaunchScreen.storyboard */,
				DC93134A246A7F9000E1E827 /* Info.plist */,
				DC931344246A7F9000E1E827 /* Preview Content */,
			);
			path = numbers;
			sourceTree = "<group>";
		};
		DC931344246A7F9000E1E827 /* Preview Content */ = {
			isa = PBXGroup;
			children = (
				DC931345246A7F9000E1E827 /* Preview Assets.xcassets */,
			);
			path = "Preview Content";
			sourceTree = "<group>";
		};
		DC931352246A7F9000E1E827 /* numbersTests */ = {
			isa = PBXGroup;
			children = (
				DC931355246A7F9000E1E827 /* Info.plist */,
				DCC7F0FC246AA942002C8A98 /* spellOutTests.swift */,
				DCE0A2EC246E6A92005BCAA6 /* answerGeneratorTests.swift */,
			);
			path = numbersTests;
			sourceTree = "<group>";
		};
		DC93135D246A7F9000E1E827 /* numbersUITests */ = {
			isa = PBXGroup;
			children = (
				DC93135E246A7F9000E1E827 /* numbersUITests.swift */,
				DC931360246A7F9000E1E827 /* Info.plist */,
			);
			path = numbersUITests;
			sourceTree = "<group>";
		};
		DCE0A2FE2470A7F2005BCAA6 /* fastlane */ = {
			isa = PBXGroup;
			children = (
				DCE0A2FF2470A7F2005BCAA6 /* Appfile */,
				DCE0A3002470A7F2005BCAA6 /* Fastfile */,
				DCE0A3012470A7F2005BCAA6 /* README.md */,
				DCE0A3022470A7F2005BCAA6 /* Snapfile */,
			);
			path = fastlane;
			sourceTree = "<group>";
		};
/* End PBXGroup section */

/* Begin PBXNativeTarget section */
		DC931338246A7F8900E1E827 /* numbers */ = {
			isa = PBXNativeTarget;
			buildConfigurationList = DC931363246A7F9000E1E827 /* Build configuration list for PBXNativeTarget "numbers" */;
			buildPhases = (
				DC931335246A7F8900E1E827 /* Sources */,
				DC931336246A7F8900E1E827 /* Frameworks */,
				DC931337246A7F8900E1E827 /* Resources */,
			);
			buildRules = (
			);
			dependencies = (
			);
			name = numbers;
			packageProductDependencies = (
				DCAF20F3249E97F200B63297 /* Introspect */,
			);
			productName = numbers;
			productReference = DC931339246A7F8900E1E827 /* Numbers Practice.app */;
			productType = "com.apple.product-type.application";
		};
		DC93134E246A7F9000E1E827 /* numbersTests */ = {
			isa = PBXNativeTarget;
			buildConfigurationList = DC931366246A7F9000E1E827 /* Build configuration list for PBXNativeTarget "numbersTests" */;
			buildPhases = (
				DC93134B246A7F9000E1E827 /* Sources */,
				DC93134C246A7F9000E1E827 /* Frameworks */,
				DC93134D246A7F9000E1E827 /* Resources */,
			);
			buildRules = (
			);
			dependencies = (
				DC931351246A7F9000E1E827 /* PBXTargetDependency */,
			);
			name = numbersTests;
			productName = numbersTests;
			productReference = DC93134F246A7F9000E1E827 /* numbersTests.xctest */;
			productType = "com.apple.product-type.bundle.unit-test";
		};
		DC931359246A7F9000E1E827 /* numbersUITests */ = {
			isa = PBXNativeTarget;
			buildConfigurationList = DC931369246A7F9000E1E827 /* Build configuration list for PBXNativeTarget "numbersUITests" */;
			buildPhases = (
				DC931356246A7F9000E1E827 /* Sources */,
				DC931357246A7F9000E1E827 /* Frameworks */,
				DC931358246A7F9000E1E827 /* Resources */,
			);
			buildRules = (
			);
			dependencies = (
				DC93135C246A7F9000E1E827 /* PBXTargetDependency */,
			);
			name = numbersUITests;
			productName = numbersUITests;
			productReference = DC93135A246A7F9000E1E827 /* numbersUITests.xctest */;
			productType = "com.apple.product-type.bundle.ui-testing";
		};
/* End PBXNativeTarget section */

/* Begin PBXProject section */
		DC931331246A7F8900E1E827 /* Project object */ = {
			isa = PBXProject;
			attributes = {
				LastSwiftUpdateCheck = 1140;
				LastUpgradeCheck = 1140;
				ORGANIZATIONNAME = "NewNoetic, Inc";
				TargetAttributes = {
					DC931338246A7F8900E1E827 = {
						CreatedOnToolsVersion = 11.4.1;
					};
					DC93134E246A7F9000E1E827 = {
						CreatedOnToolsVersion = 11.4.1;
						TestTargetID = DC931338246A7F8900E1E827;
					};
					DC931359246A7F9000E1E827 = {
						CreatedOnToolsVersion = 11.4.1;
						TestTargetID = DC931338246A7F8900E1E827;
					};
				};
			};
			buildConfigurationList = DC931334246A7F8900E1E827 /* Build configuration list for PBXProject "numbers" */;
			compatibilityVersion = "Xcode 9.3";
			developmentRegion = en;
			hasScannedForEncodings = 0;
			knownRegions = (
				en,
				Base,
			);
			mainGroup = DC931330246A7F8900E1E827;
			packageReferences = (
				DCAF20F2249E97F100B63297 /* XCRemoteSwiftPackageReference "SwiftUI-Introspect" */,
			);
			productRefGroup = DC93133A246A7F8900E1E827 /* Products */;
			projectDirPath = "";
			projectRoot = "";
			targets = (
				DC931338246A7F8900E1E827 /* numbers */,
				DC93134E246A7F9000E1E827 /* numbersTests */,
				DC931359246A7F9000E1E827 /* numbersUITests */,
			);
		};
/* End PBXProject section */

/* Begin PBXResourcesBuildPhase section */
		DC931337246A7F8900E1E827 /* Resources */ = {
			isa = PBXResourcesBuildPhase;
			buildActionMask = 2147483647;
			files = (
				DC931349246A7F9000E1E827 /* LaunchScreen.storyboard in Resources */,
				DC931346246A7F9000E1E827 /* Preview Assets.xcassets in Resources */,
				DC931343246A7F9000E1E827 /* Assets.xcassets in Resources */,
			);
			runOnlyForDeploymentPostprocessing = 0;
		};
		DC93134D246A7F9000E1E827 /* Resources */ = {
			isa = PBXResourcesBuildPhase;
			buildActionMask = 2147483647;
			files = (
			);
			runOnlyForDeploymentPostprocessing = 0;
		};
		DC931358246A7F9000E1E827 /* Resources */ = {
			isa = PBXResourcesBuildPhase;
			buildActionMask = 2147483647;
			files = (
			);
			runOnlyForDeploymentPostprocessing = 0;
		};
/* End PBXResourcesBuildPhase section */

/* Begin PBXSourcesBuildPhase section */
		DC931335246A7F8900E1E827 /* Sources */ = {
			isa = PBXSourcesBuildPhase;
			buildActionMask = 2147483647;
			files = (
				DC311B0024A928B2000EC076 /* SettingsView.swift in Sources */,
				DC311AF824A918DE000EC076 /* TimedAnswers.swift in Sources */,
				DC311AF424A90E94000EC076 /* TimerView.swift in Sources */,
				DCE0A2F6246E8360005BCAA6 /* ShakeAnimation.swift in Sources */,
				DCAF20EB249DD7BB00B63297 /* KeyboardHeight.swift in Sources */,
				DC993299248DA12F00DB8330 /* AnswerStatus.swift in Sources */,
				DC93133D246A7F8900E1E827 /* AppDelegate.swift in Sources */,
				DCE0A2F0246E75FF005BCAA6 /* ChoicesView.swift in Sources */,
				DC93136E246A8BB800E1E827 /* SpeechManager.swift in Sources */,
				DCE0A2F9246F4A31005BCAA6 /* BubbleAnimation.swift in Sources */,
				DCAF20EF249DEDCD00B63297 /* SpeechSynthesizer.swift in Sources */,
				DCE0A2F3246E762B005BCAA6 /* MainView.swift in Sources */,
				DC993296248DA0EE00DB8330 /* TypeInView.swift in Sources */,
				DC931372246A93B300E1E827 /* SpeechRecognizer.swift in Sources */,
				DC93133F246A7F8900E1E827 /* SceneDelegate.swift in Sources */,
				DC931341246A7F8900E1E827 /* SpeechRecognitionView.swift in Sources */,
				DCDA81D0246AAF570092A726 /* NumberGenerator.swift in Sources */,
				DC18D748249EB1AE00BAB330 /* Buttons.swift in Sources */,
				DC311AFC24A91B94000EC076 /* ComboView.swift in Sources */,
				DCC7F0F9246AA827002C8A98 /* NumberWords.swift in Sources */,
				DC311B0424A928EF000EC076 /* Settings.swift in Sources */,
				DCE0A2E9246E697C005BCAA6 /* AnswerGenerator.swift in Sources */,
			);
			runOnlyForDeploymentPostprocessing = 0;
		};
		DC93134B246A7F9000E1E827 /* Sources */ = {
			isa = PBXSourcesBuildPhase;
			buildActionMask = 2147483647;
			files = (
				DC311B0124A928B2000EC076 /* SettingsView.swift in Sources */,
				DCAF20EC249DD7BB00B63297 /* KeyboardHeight.swift in Sources */,
				DCC7F0FD246AA942002C8A98 /* spellOutTests.swift in Sources */,
				DC18D749249EB1AE00BAB330 /* Buttons.swift in Sources */,
				DC311AFD24A91B94000EC076 /* ComboView.swift in Sources */,
				DCAF20F0249DEDCD00B63297 /* SpeechSynthesizer.swift in Sources */,
				DC99329A248DA12F00DB8330 /* AnswerStatus.swift in Sources */,
				DCC7F0FA246AA827002C8A98 /* NumberWords.swift in Sources */,
				DC311AF524A90E94000EC076 /* TimerView.swift in Sources */,
				DCDA81D1246AAF570092A726 /* NumberGenerator.swift in Sources */,
				DC311B0524A928EF000EC076 /* Settings.swift in Sources */,
				DC311AF924A918DE000EC076 /* TimedAnswers.swift in Sources */,
				DCDC617324AC5BBD00BD4337 /* BubbleAnimation.swift in Sources */,
				DC93136F246A8BB800E1E827 /* SpeechManager.swift in Sources */,
				DC931373246A93B300E1E827 /* SpeechRecognizer.swift in Sources */,
				DCE0A2EA246E697C005BCAA6 /* AnswerGenerator.swift in Sources */,
				DCE0A2ED246E6A92005BCAA6 /* answerGeneratorTests.swift in Sources */,
			);
			runOnlyForDeploymentPostprocessing = 0;
		};
		DC931356246A7F9000E1E827 /* Sources */ = {
			isa = PBXSourcesBuildPhase;
			buildActionMask = 2147483647;
			files = (
				DC93135F246A7F9000E1E827 /* numbersUITests.swift in Sources */,
				DCAF20F1249DEDCD00B63297 /* SpeechSynthesizer.swift in Sources */,
				DC993297248DA0EE00DB8330 /* TypeInView.swift in Sources */,
				DCE0A2F4246E762B005BCAA6 /* MainView.swift in Sources */,
				DCC7F0FB246AA827002C8A98 /* NumberWords.swift in Sources */,
				DCDA81D2246AAF570092A726 /* NumberGenerator.swift in Sources */,
				DC311AF624A90E94000EC076 /* TimerView.swift in Sources */,
				DC311AFA24A918DE000EC076 /* TimedAnswers.swift in Sources */,
				DCAF20ED249DD7BB00B63297 /* KeyboardHeight.swift in Sources */,
				DC931370246A8BB800E1E827 /* SpeechManager.swift in Sources */,
				DCE0A2F7246E8360005BCAA6 /* ShakeAnimation.swift in Sources */,
				DCE0A2FA246F4A31005BCAA6 /* BubbleAnimation.swift in Sources */,
				DC931374246A93B300E1E827 /* SpeechRecognizer.swift in Sources */,
				DC18D74A249EB1AE00BAB330 /* Buttons.swift in Sources */,
				DC311B0624A928EF000EC076 /* Settings.swift in Sources */,
				DC99329B248DA12F00DB8330 /* AnswerStatus.swift in Sources */,
				DCE0A2EB246E697C005BCAA6 /* AnswerGenerator.swift in Sources */,
				DCE0A2F1246E75FF005BCAA6 /* ChoicesView.swift in Sources */,
				DC311AFE24A91B94000EC076 /* ComboView.swift in Sources */,
				DC311B0224A928B2000EC076 /* SettingsView.swift in Sources */,
			);
			runOnlyForDeploymentPostprocessing = 0;
		};
/* End PBXSourcesBuildPhase section */

/* Begin PBXTargetDependency section */
		DC931351246A7F9000E1E827 /* PBXTargetDependency */ = {
			isa = PBXTargetDependency;
			target = DC931338246A7F8900E1E827 /* numbers */;
			targetProxy = DC931350246A7F9000E1E827 /* PBXContainerItemProxy */;
		};
		DC93135C246A7F9000E1E827 /* PBXTargetDependency */ = {
			isa = PBXTargetDependency;
			target = DC931338246A7F8900E1E827 /* numbers */;
			targetProxy = DC93135B246A7F9000E1E827 /* PBXContainerItemProxy */;
		};
/* End PBXTargetDependency section */

/* Begin PBXVariantGroup section */
		DC931347246A7F9000E1E827 /* LaunchScreen.storyboard */ = {
			isa = PBXVariantGroup;
			children = (
				DC931348246A7F9000E1E827 /* Base */,
			);
			name = LaunchScreen.storyboard;
			sourceTree = "<group>";
		};
/* End PBXVariantGroup section */

/* Begin XCBuildConfiguration section */
		DC931361246A7F9000E1E827 /* Debug */ = {
			isa = XCBuildConfiguration;
			buildSettings = {
				ALWAYS_SEARCH_USER_PATHS = NO;
				CLANG_ANALYZER_NONNULL = YES;
				CLANG_ANALYZER_NUMBER_OBJECT_CONVERSION = YES_AGGRESSIVE;
				CLANG_CXX_LANGUAGE_STANDARD = "gnu++14";
				CLANG_CXX_LIBRARY = "libc++";
				CLANG_ENABLE_MODULES = YES;
				CLANG_ENABLE_OBJC_ARC = YES;
				CLANG_ENABLE_OBJC_WEAK = YES;
				CLANG_WARN_BLOCK_CAPTURE_AUTORELEASING = YES;
				CLANG_WARN_BOOL_CONVERSION = YES;
				CLANG_WARN_COMMA = YES;
				CLANG_WARN_CONSTANT_CONVERSION = YES;
				CLANG_WARN_DEPRECATED_OBJC_IMPLEMENTATIONS = YES;
				CLANG_WARN_DIRECT_OBJC_ISA_USAGE = YES_ERROR;
				CLANG_WARN_DOCUMENTATION_COMMENTS = YES;
				CLANG_WARN_EMPTY_BODY = YES;
				CLANG_WARN_ENUM_CONVERSION = YES;
				CLANG_WARN_INFINITE_RECURSION = YES;
				CLANG_WARN_INT_CONVERSION = YES;
				CLANG_WARN_NON_LITERAL_NULL_CONVERSION = YES;
				CLANG_WARN_OBJC_IMPLICIT_RETAIN_SELF = YES;
				CLANG_WARN_OBJC_LITERAL_CONVERSION = YES;
				CLANG_WARN_OBJC_ROOT_CLASS = YES_ERROR;
				CLANG_WARN_RANGE_LOOP_ANALYSIS = YES;
				CLANG_WARN_STRICT_PROTOTYPES = YES;
				CLANG_WARN_SUSPICIOUS_MOVE = YES;
				CLANG_WARN_UNGUARDED_AVAILABILITY = YES_AGGRESSIVE;
				CLANG_WARN_UNREACHABLE_CODE = YES;
				CLANG_WARN__DUPLICATE_METHOD_MATCH = YES;
				COPY_PHASE_STRIP = NO;
				CURRENT_PROJECT_VERSION = 10;
				DEBUG_INFORMATION_FORMAT = dwarf;
				ENABLE_STRICT_OBJC_MSGSEND = YES;
				ENABLE_TESTABILITY = YES;
				GCC_C_LANGUAGE_STANDARD = gnu11;
				GCC_DYNAMIC_NO_PIC = NO;
				GCC_NO_COMMON_BLOCKS = YES;
				GCC_OPTIMIZATION_LEVEL = 0;
				GCC_PREPROCESSOR_DEFINITIONS = (
					"DEBUG=1",
					"$(inherited)",
				);
				GCC_WARN_64_TO_32_BIT_CONVERSION = YES;
				GCC_WARN_ABOUT_RETURN_TYPE = YES_ERROR;
				GCC_WARN_UNDECLARED_SELECTOR = YES;
				GCC_WARN_UNINITIALIZED_AUTOS = YES_AGGRESSIVE;
				GCC_WARN_UNUSED_FUNCTION = YES;
				GCC_WARN_UNUSED_VARIABLE = YES;
				IPHONEOS_DEPLOYMENT_TARGET = 13.4;
				MTL_ENABLE_DEBUG_INFO = INCLUDE_SOURCE;
				MTL_FAST_MATH = YES;
				ONLY_ACTIVE_ARCH = YES;
				SDKROOT = iphoneos;
				SWIFT_ACTIVE_COMPILATION_CONDITIONS = DEBUG;
				SWIFT_OPTIMIZATION_LEVEL = "-Onone";
			};
			name = Debug;
		};
		DC931362246A7F9000E1E827 /* Release */ = {
			isa = XCBuildConfiguration;
			buildSettings = {
				ALWAYS_SEARCH_USER_PATHS = NO;
				CLANG_ANALYZER_NONNULL = YES;
				CLANG_ANALYZER_NUMBER_OBJECT_CONVERSION = YES_AGGRESSIVE;
				CLANG_CXX_LANGUAGE_STANDARD = "gnu++14";
				CLANG_CXX_LIBRARY = "libc++";
				CLANG_ENABLE_MODULES = YES;
				CLANG_ENABLE_OBJC_ARC = YES;
				CLANG_ENABLE_OBJC_WEAK = YES;
				CLANG_WARN_BLOCK_CAPTURE_AUTORELEASING = YES;
				CLANG_WARN_BOOL_CONVERSION = YES;
				CLANG_WARN_COMMA = YES;
				CLANG_WARN_CONSTANT_CONVERSION = YES;
				CLANG_WARN_DEPRECATED_OBJC_IMPLEMENTATIONS = YES;
				CLANG_WARN_DIRECT_OBJC_ISA_USAGE = YES_ERROR;
				CLANG_WARN_DOCUMENTATION_COMMENTS = YES;
				CLANG_WARN_EMPTY_BODY = YES;
				CLANG_WARN_ENUM_CONVERSION = YES;
				CLANG_WARN_INFINITE_RECURSION = YES;
				CLANG_WARN_INT_CONVERSION = YES;
				CLANG_WARN_NON_LITERAL_NULL_CONVERSION = YES;
				CLANG_WARN_OBJC_IMPLICIT_RETAIN_SELF = YES;
				CLANG_WARN_OBJC_LITERAL_CONVERSION = YES;
				CLANG_WARN_OBJC_ROOT_CLASS = YES_ERROR;
				CLANG_WARN_RANGE_LOOP_ANALYSIS = YES;
				CLANG_WARN_STRICT_PROTOTYPES = YES;
				CLANG_WARN_SUSPICIOUS_MOVE = YES;
				CLANG_WARN_UNGUARDED_AVAILABILITY = YES_AGGRESSIVE;
				CLANG_WARN_UNREACHABLE_CODE = YES;
				CLANG_WARN__DUPLICATE_METHOD_MATCH = YES;
				COPY_PHASE_STRIP = NO;
				CURRENT_PROJECT_VERSION = 10;
				DEBUG_INFORMATION_FORMAT = "dwarf-with-dsym";
				ENABLE_NS_ASSERTIONS = NO;
				ENABLE_STRICT_OBJC_MSGSEND = YES;
				GCC_C_LANGUAGE_STANDARD = gnu11;
				GCC_NO_COMMON_BLOCKS = YES;
				GCC_WARN_64_TO_32_BIT_CONVERSION = YES;
				GCC_WARN_ABOUT_RETURN_TYPE = YES_ERROR;
				GCC_WARN_UNDECLARED_SELECTOR = YES;
				GCC_WARN_UNINITIALIZED_AUTOS = YES_AGGRESSIVE;
				GCC_WARN_UNUSED_FUNCTION = YES;
				GCC_WARN_UNUSED_VARIABLE = YES;
				IPHONEOS_DEPLOYMENT_TARGET = 13.4;
				MTL_ENABLE_DEBUG_INFO = NO;
				MTL_FAST_MATH = YES;
				SDKROOT = iphoneos;
				SWIFT_COMPILATION_MODE = wholemodule;
				SWIFT_OPTIMIZATION_LEVEL = "-O";
				VALIDATE_PRODUCT = YES;
			};
			name = Release;
		};
		DC931364246A7F9000E1E827 /* Debug */ = {
			isa = XCBuildConfiguration;
			buildSettings = {
				ASSETCATALOG_COMPILER_APPICON_NAME = AppIcon;
				CFBundleShortVersionString = 1.0;
				CFBundleVersion = 1.0;
				CODE_SIGN_STYLE = Automatic;
				DEVELOPMENT_ASSET_PATHS = "\"numbers/Preview Content\"";
				DEVELOPMENT_TEAM = CUCB33MFQZ;
				ENABLE_PREVIEWS = YES;
				INFOPLIST_FILE = numbers/Info.plist;
				IPHONEOS_DEPLOYMENT_TARGET = 13.0;
				LD_RUNPATH_SEARCH_PATHS = (
					"$(inherited)",
					"@executable_path/Frameworks",
				);
				MARKETING_VERSION = 2.1;
				PRODUCT_BUNDLE_IDENTIFIER = com.newnoetic.numbers;
				PRODUCT_NAME = "Numbers Practice";
				SWIFT_VERSION = 5.0;
				TARGETED_DEVICE_FAMILY = "1,2";
				VERSIONING_SYSTEM = "apple-generic";
			};
			name = Debug;
		};
		DC931365246A7F9000E1E827 /* Release */ = {
			isa = XCBuildConfiguration;
			buildSettings = {
				ASSETCATALOG_COMPILER_APPICON_NAME = AppIcon;
				CFBundleShortVersionString = 1.0;
				CFBundleVersion = 1.0;
				CODE_SIGN_STYLE = Automatic;
				DEVELOPMENT_ASSET_PATHS = "\"numbers/Preview Content\"";
				DEVELOPMENT_TEAM = CUCB33MFQZ;
				ENABLE_PREVIEWS = YES;
				INFOPLIST_FILE = numbers/Info.plist;
				IPHONEOS_DEPLOYMENT_TARGET = 13.0;
				LD_RUNPATH_SEARCH_PATHS = (
					"$(inherited)",
					"@executable_path/Frameworks",
				);
				MARKETING_VERSION = 2.1;
				PRODUCT_BUNDLE_IDENTIFIER = com.newnoetic.numbers;
				PRODUCT_NAME = "Numbers Practice";
				SWIFT_VERSION = 5.0;
				TARGETED_DEVICE_FAMILY = "1,2";
				VERSIONING_SYSTEM = "apple-generic";
			};
			name = Release;
		};
		DC931367246A7F9000E1E827 /* Debug */ = {
			isa = XCBuildConfiguration;
			buildSettings = {
				ALWAYS_EMBED_SWIFT_STANDARD_LIBRARIES = YES;
				BUNDLE_LOADER = "$(TEST_HOST)";
				CODE_SIGN_STYLE = Automatic;
				DEVELOPMENT_TEAM = CUCB33MFQZ;
				INFOPLIST_FILE = numbersTests/Info.plist;
				IPHONEOS_DEPLOYMENT_TARGET = 13.0;
				LD_RUNPATH_SEARCH_PATHS = (
					"$(inherited)",
					"@executable_path/Frameworks",
					"@loader_path/Frameworks",
				);
				PRODUCT_BUNDLE_IDENTIFIER = com.newnoetic.numbersTests;
				PRODUCT_NAME = "$(TARGET_NAME)";
				SWIFT_VERSION = 5.0;
				TARGETED_DEVICE_FAMILY = "1,2";
				TEST_HOST = "$(BUILT_PRODUCTS_DIR)/Numbers Practice.app/Numbers Practice";
			};
			name = Debug;
		};
		DC931368246A7F9000E1E827 /* Release */ = {
			isa = XCBuildConfiguration;
			buildSettings = {
				ALWAYS_EMBED_SWIFT_STANDARD_LIBRARIES = YES;
				BUNDLE_LOADER = "$(TEST_HOST)";
				CODE_SIGN_STYLE = Automatic;
				DEVELOPMENT_TEAM = CUCB33MFQZ;
				INFOPLIST_FILE = numbersTests/Info.plist;
				IPHONEOS_DEPLOYMENT_TARGET = 13.0;
				LD_RUNPATH_SEARCH_PATHS = (
					"$(inherited)",
					"@executable_path/Frameworks",
					"@loader_path/Frameworks",
				);
				PRODUCT_BUNDLE_IDENTIFIER = com.newnoetic.numbersTests;
				PRODUCT_NAME = "$(TARGET_NAME)";
				SWIFT_VERSION = 5.0;
				TARGETED_DEVICE_FAMILY = "1,2";
				TEST_HOST = "$(BUILT_PRODUCTS_DIR)/Numbers Practice.app/Numbers Practice";
			};
			name = Release;
		};
		DC93136A246A7F9000E1E827 /* Debug */ = {
			isa = XCBuildConfiguration;
			buildSettings = {
				ALWAYS_EMBED_SWIFT_STANDARD_LIBRARIES = YES;
				CODE_SIGN_STYLE = Automatic;
				DEVELOPMENT_TEAM = CUCB33MFQZ;
				INFOPLIST_FILE = numbersUITests/Info.plist;
				LD_RUNPATH_SEARCH_PATHS = (
					"$(inherited)",
					"@executable_path/Frameworks",
					"@loader_path/Frameworks",
				);
				PRODUCT_BUNDLE_IDENTIFIER = com.newnoetic.numbersUITests;
				PRODUCT_NAME = "$(TARGET_NAME)";
				SWIFT_VERSION = 5.0;
				TARGETED_DEVICE_FAMILY = "1,2";
				TEST_TARGET_NAME = numbers;
			};
			name = Debug;
		};
		DC93136B246A7F9000E1E827 /* Release */ = {
			isa = XCBuildConfiguration;
			buildSettings = {
				ALWAYS_EMBED_SWIFT_STANDARD_LIBRARIES = YES;
				CODE_SIGN_STYLE = Automatic;
				DEVELOPMENT_TEAM = CUCB33MFQZ;
				INFOPLIST_FILE = numbersUITests/Info.plist;
				LD_RUNPATH_SEARCH_PATHS = (
					"$(inherited)",
					"@executable_path/Frameworks",
					"@loader_path/Frameworks",
				);
				PRODUCT_BUNDLE_IDENTIFIER = com.newnoetic.numbersUITests;
				PRODUCT_NAME = "$(TARGET_NAME)";
				SWIFT_VERSION = 5.0;
				TARGETED_DEVICE_FAMILY = "1,2";
				TEST_TARGET_NAME = numbers;
			};
			name = Release;
		};
/* End XCBuildConfiguration section */

/* Begin XCConfigurationList section */
		DC931334246A7F8900E1E827 /* Build configuration list for PBXProject "numbers" */ = {
			isa = XCConfigurationList;
			buildConfigurations = (
				DC931361246A7F9000E1E827 /* Debug */,
				DC931362246A7F9000E1E827 /* Release */,
			);
			defaultConfigurationIsVisible = 0;
			defaultConfigurationName = Release;
		};
		DC931363246A7F9000E1E827 /* Build configuration list for PBXNativeTarget "numbers" */ = {
			isa = XCConfigurationList;
			buildConfigurations = (
				DC931364246A7F9000E1E827 /* Debug */,
				DC931365246A7F9000E1E827 /* Release */,
			);
			defaultConfigurationIsVisible = 0;
			defaultConfigurationName = Release;
		};
		DC931366246A7F9000E1E827 /* Build configuration list for PBXNativeTarget "numbersTests" */ = {
			isa = XCConfigurationList;
			buildConfigurations = (
				DC931367246A7F9000E1E827 /* Debug */,
				DC931368246A7F9000E1E827 /* Release */,
			);
			defaultConfigurationIsVisible = 0;
			defaultConfigurationName = Release;
		};
		DC931369246A7F9000E1E827 /* Build configuration list for PBXNativeTarget "numbersUITests" */ = {
			isa = XCConfigurationList;
			buildConfigurations = (
				DC93136A246A7F9000E1E827 /* Debug */,
				DC93136B246A7F9000E1E827 /* Release */,
			);
			defaultConfigurationIsVisible = 0;
			defaultConfigurationName = Release;
		};
/* End XCConfigurationList section */

/* Begin XCRemoteSwiftPackageReference section */
		DCAF20F2249E97F100B63297 /* XCRemoteSwiftPackageReference "SwiftUI-Introspect" */ = {
			isa = XCRemoteSwiftPackageReference;
			repositoryURL = "https://github.com/sdgandhi/SwiftUI-Introspect.git";
			requirement = {
				kind = upToNextMajorVersion;
				minimumVersion = 0.1.0;
			};
		};
/* End XCRemoteSwiftPackageReference section */

/* Begin XCSwiftPackageProductDependency section */
		DCAF20F3249E97F200B63297 /* Introspect */ = {
			isa = XCSwiftPackageProductDependency;
			package = DCAF20F2249E97F100B63297 /* XCRemoteSwiftPackageReference "SwiftUI-Introspect" */;
			productName = Introspect;
		};
/* End XCSwiftPackageProductDependency section */
	};
	rootObject = DC931331246A7F8900E1E827 /* Project object */;
}
